# THIS IS AN AUTOGENERATED FILE. DO NOT EDIT THIS FILE DIRECTLY.
# yarn lockfile v1


"@types/graphql@^14.2.0":
  version "14.2.0"
  resolved "https://registry.yarnpkg.com/@types/graphql/-/graphql-14.2.0.tgz#74e1da5f2a4a744ac6eb3ed57b48242ea9367202"
  integrity sha512-lELg5m6eBOmATWyCZl8qULEOvnPIUG6B443yXKj930glXIgwQirIBPp5rthP2amJW0YSzUg2s5sfgba4mRRCNw==

"@types/jest-diff@*":
  version "20.0.1"
  resolved "https://registry.yarnpkg.com/@types/jest-diff/-/jest-diff-20.0.1.tgz#35cc15b9c4f30a18ef21852e255fdb02f6d59b89"
  integrity sha512-yALhelO3i0hqZwhjtcr6dYyaLoCHbAMshwtj6cGxTvHZAKXHsYGdff6E8EPw3xLKY0ELUTQ69Q1rQiJENnccMA==

"@types/jest@^24.0.11":
  version "24.0.11"
  resolved "https://registry.yarnpkg.com/@types/jest/-/jest-24.0.11.tgz#1f099bea332c228ea6505a88159bfa86a5858340"
  integrity sha512-2kLuPC5FDnWIDvaJBzsGTBQaBbnDweznicvK7UGYzlIJP4RJR2a4A/ByLUXEyEgag6jz8eHdlWExGDtH3EYUXQ==
  dependencies:
    "@types/jest-diff" "*"

"@types/node@^11.13.2":
  version "11.13.2"
  resolved "https://registry.yarnpkg.com/@types/node/-/node-11.13.2.tgz#dc85dde46aa8740bb4aed54b8104250f8f849503"
  integrity sha512-HOtU5KqROKT7qX/itKHuTtt5fV0iXbheQvrgbLNXFJQBY/eh+VS5vmmTAVlo3qIGMsypm0G4N1t2AXjy1ZicaQ==

"@types/prop-types@*":
  version "15.7.0"
  resolved "https://registry.yarnpkg.com/@types/prop-types/-/prop-types-15.7.0.tgz#4c48fed958d6dcf9487195a0ef6456d5f6e0163a"
  integrity sha512-eItQyV43bj4rR3JPV0Skpl1SncRCdziTEK9/v8VwXmV6d/qOUO8/EuWeHBbCZcsfSHfzI5UyMJLCSXtxxznyZg==

"@types/ramda@^0.26.8":
  version "0.26.8"
  resolved "https://registry.yarnpkg.com/@types/ramda/-/ramda-0.26.8.tgz#e002612cca52e52f9176d577f4d6229c8c72a10a"
  integrity sha512-PSMkNNhB900U2xcyndlkVjJeCXpVtf1yod0Kdq/ArsLDIE0tW8pLBChmQeJs4o4dfp3AEP+AGm6zIseZPU4ndA==

"@types/react@^16.8.13":
  version "16.8.13"
  resolved "https://registry.yarnpkg.com/@types/react/-/react-16.8.13.tgz#a82b15aad9ab91c40edca0d6889b7745ae24f053"
  integrity sha512-otJ4ntMuHGrvm67CdDJMAls4WqotmAmW0g3HmWi9LCjSWXrxoXY/nHXrtmMfvPEEmGFNm6NdgMsJmnfH820Qaw==
  dependencies:
    "@types/prop-types" "*"
    csstype "^2.2.0"

"@vtex/css-handles@^1.0.2":
  version "1.1.0"
  resolved "https://registry.yarnpkg.com/@vtex/css-handles/-/css-handles-1.1.0.tgz#c49998230e7b1576bef4ea6125471137a54c6c86"
  integrity sha512-GP5ONxBimQoKRIW8WjUCI5/HU13JdMTxPw1aoumWcDv3ycUu13IR8HzzIuTM+iFZE9ctvGZfVCq9FXqQ747yNw==

classnames@^2.2.6:
  version "2.2.6"
  resolved "https://registry.yarnpkg.com/classnames/-/classnames-2.2.6.tgz#43935bffdd291f326dad0a205309b38d00f650ce"
  integrity sha512-JR/iSQOSt+LQIWwrwEzJ9uk0xfN3mTVYMwt1Ir5mUcSN6pU+V4zQFFaJsclJbPuAUQH+yfWef6tm7l1quW3C8Q==

csstype@^2.2.0:
  version "2.6.3"
  resolved "https://registry.yarnpkg.com/csstype/-/csstype-2.6.3.tgz#b701e5968245bf9b08d54ac83d00b624e622a9fa"
  integrity sha512-rINUZXOkcBmoHWEyu7JdHu5JMzkGRoMX4ov9830WNgxf5UYxcBUO0QTKAqeJ5EZfSdlrcJYkC8WwfVW7JYi4yg==

"js-tokens@^3.0.0 || ^4.0.0":
  version "4.0.0"
  resolved "https://registry.yarnpkg.com/js-tokens/-/js-tokens-4.0.0.tgz#19203fb59991df98e3a287050d4647cdeaf32499"
  integrity sha512-RdJUflcE3cUzKiMqQgsCu06FPu9UdIJO0beYbPhHN4k6apgJtifcoCtT9bcxOpYBtpD2kCM6Sbzg4CausW/PKQ==

loose-envify@^1.1.0, loose-envify@^1.4.0:
  version "1.4.0"
  resolved "https://registry.yarnpkg.com/loose-envify/-/loose-envify-1.4.0.tgz#71ee51fa7be4caec1a63839f7e682d8132d30caf"
  integrity sha512-lyuxPGr/Wfhrlem2CL/UcnUc1zcqKAImBDzukY7Y5F/yQiNdko6+fRLevlw1HgMySw7f611UIY408EtxRSoK3Q==
  dependencies:
    js-tokens "^3.0.0 || ^4.0.0"

object-assign@^4.1.1:
  version "4.1.1"
  resolved "https://registry.yarnpkg.com/object-assign/-/object-assign-4.1.1.tgz#2109adc7965887cfc05cbbd442cac8bfbb360863"
  integrity sha1-IQmtx5ZYh8/AXLvUQsrIv7s2CGM=

prop-types@^15.6.2:
  version "15.7.2"
  resolved "https://registry.yarnpkg.com/prop-types/-/prop-types-15.7.2.tgz#52c41e75b8c87e72b9d9360e0206b99dcbffa6c5"
  integrity sha512-8QQikdH7//R2vurIJSutZ1smHYTcLpRWEOlHnzcWHmBYrOGUysKwSsrC89BCiFj3CbrfJ/nXFdJepOVrY1GCHQ==
  dependencies:
    loose-envify "^1.4.0"
    object-assign "^4.1.1"
    react-is "^16.8.1"

ramda@^0.26.1:
  version "0.26.1"
  resolved "https://registry.yarnpkg.com/ramda/-/ramda-0.26.1.tgz#8d41351eb8111c55353617fc3bbffad8e4d35d06"
  integrity sha512-hLWjpy7EnsDBb0p+Z3B7rPi3GDeRG5ZtiI33kJhTt+ORCd38AbAIjB/9zRIUoeTbE/AVX5ZkU7m6bznsvrf8eQ==

react-is@^16.8.1:
  version "16.8.4"
  resolved "https://registry.yarnpkg.com/react-is/-/react-is-16.8.4.tgz#90f336a68c3a29a096a3d648ab80e87ec61482a2"
  integrity sha512-PVadd+WaUDOAciICm/J1waJaSvgq+4rHE/K70j0PFqKhkTBsPv/82UGQJNXAngz1fOQLLxI6z1sEDmJDQhCTAA==

react@^16.8.6:
  version "16.8.6"
  resolved "https://registry.yarnpkg.com/react/-/react-16.8.6.tgz#ad6c3a9614fd3a4e9ef51117f54d888da01f2bbe"
  integrity sha512-pC0uMkhLaHm11ZSJULfOBqV4tIZkx87ZLvbbQYunNixAAvjnC+snJCg0XQXn9VIsttVsbZP/H/ewzgsd5fxKXw==
  dependencies:
    loose-envify "^1.1.0"
    object-assign "^4.1.1"
    prop-types "^15.6.2"
    scheduler "^0.13.6"

scheduler@^0.13.6:
  version "0.13.6"
  resolved "https://registry.yarnpkg.com/scheduler/-/scheduler-0.13.6.tgz#466a4ec332467b31a91b9bf74e5347072e4cd889"
  integrity sha512-IWnObHt413ucAYKsD9J1QShUKkbKLQQHdxRyw73sw4FN26iWr3DY/H34xGPe4nmL1DwXyWmSWmMrA9TfQbE/XQ==
  dependencies:
    loose-envify "^1.1.0"
    object-assign "^4.1.1"

use-media@^1.3.0:
  version "1.3.0"
  resolved "https://registry.yarnpkg.com/use-media/-/use-media-1.3.0.tgz#be26102fd954c78895b4934744f977d2b23ecfbb"
  integrity sha512-1JuB/QVAxCXsIsexSMTMZ34egbroSEjmvOVFbvGqLACruJcaH4wZjnUqqwQh/iVtbWi73LDCbfYJDsdyDfJe+g==
