# THIS IS AN AUTOGENERATED FILE. DO NOT EDIT THIS FILE DIRECTLY.
# yarn lockfile v1


"@types/graphql@^14.2.0":
  version "14.5.0"
  resolved "https://registry.yarnpkg.com/@types/graphql/-/graphql-14.5.0.tgz#a545fb3bc8013a3547cf2f07f5e13a33642b75d6"
  integrity sha512-MOkzsEp1Jk5bXuAsHsUi6BVv0zCO+7/2PTiZMXWDSsMXvNU6w/PLMQT2vHn8hy2i0JqojPz1Sz6rsFjHtsU0lA==
  dependencies:
    graphql "*"

"@types/jest-diff@*":
  version "20.0.1"
  resolved "https://registry.yarnpkg.com/@types/jest-diff/-/jest-diff-20.0.1.tgz#35cc15b9c4f30a18ef21852e255fdb02f6d59b89"
  integrity sha512-yALhelO3i0hqZwhjtcr6dYyaLoCHbAMshwtj6cGxTvHZAKXHsYGdff6E8EPw3xLKY0ELUTQ69Q1rQiJENnccMA==

"@types/jest@^24.0.11":
  version "24.0.18"
  resolved "https://registry.yarnpkg.com/@types/jest/-/jest-24.0.18.tgz#9c7858d450c59e2164a8a9df0905fc5091944498"
  integrity sha512-jcDDXdjTcrQzdN06+TSVsPPqxvsZA/5QkYfIZlq1JMw7FdP5AZylbOc+6B/cuDurctRe+MziUMtQ3xQdrbjqyQ==
  dependencies:
    "@types/jest-diff" "*"

"@types/node@^11.13.2":
  version "11.13.20"
  resolved "https://registry.yarnpkg.com/@types/node/-/node-11.13.20.tgz#da42fe93d6599f80b35ffeb5006f4c31f40d89ea"
  integrity sha512-JE0UpLWZTV1sGcaj0hN+Q0760OEjpgyFJ06DOMVW6qKBducKdJQaIw0TGL6ccj7VXRduIOHLWQi+tHwulZJHVQ==

"@types/prop-types@*":
  version "15.7.2"
  resolved "https://registry.yarnpkg.com/@types/prop-types/-/prop-types-15.7.2.tgz#0e58ae66773d7fd7c372a493aff740878ec9ceaa"
  integrity sha512-f8JzJNWVhKtc9dg/dyDNfliTKNOJSLa7Oht/ElZdF/UbMUmAH3rLmAk3ODNjw0mZajDEgatA03tRjB4+Dp/tzA==

"@types/ramda@^0.26.8":
  version "0.26.21"
  resolved "https://registry.yarnpkg.com/@types/ramda/-/ramda-0.26.21.tgz#cfd552c679453d153a9e2fd89ffc5dd5aa93d2c9"
  integrity sha512-zMYtIZMceA6BvH+or6LmewLBgojbXg5+FGCwjO8K+Z+d/ZWxILmhhASXkehW0PqJL+V0QbyDeeAHix0dvEKXfQ==
  dependencies:
    ts-toolbelt "^3.8.4"

"@types/react-intl@^2.3.17":
  version "2.3.18"
  resolved "https://registry.yarnpkg.com/@types/react-intl/-/react-intl-2.3.18.tgz#fd2d8b7f4d0a1dd05b5f1784ab0d7fe1786a690d"
  integrity sha512-DVNJs49zUxKRZng8VuILE886Yihdsf3yLr5vHk9zJrmF8SyRSK3sxNSvikAKxNkv9hX55XBTJShz6CkJnbNjgg==

"@types/react@^16.8.13":
  version "16.9.2"
  resolved "https://registry.yarnpkg.com/@types/react/-/react-16.9.2.tgz#6d1765431a1ad1877979013906731aae373de268"
  integrity sha512-jYP2LWwlh+FTqGd9v7ynUKZzjj98T8x7Yclz479QdRhHfuW9yQ+0jjnD31eXSXutmBpppj5PYNLYLRfnZJvcfg==
  dependencies:
    "@types/prop-types" "*"
    csstype "^2.2.0"

"@vtex/css-handles@^1.1.3":
  version "1.1.3"
  resolved "https://registry.yarnpkg.com/@vtex/css-handles/-/css-handles-1.1.3.tgz#30bd1010f2907443188738f74dd11d3b6b4ac624"
  integrity sha512-DkqnzMf5jW6lQ1L8wYb9fnXyh0FqZym8qEokGYjeLUqBLBAiVK8XbI4U0ezFswWTOJ3iHZUkUjqPt5WodxR29w==

csstype@^2.2.0:
  version "2.6.6"
  resolved "https://registry.yarnpkg.com/csstype/-/csstype-2.6.6.tgz#c34f8226a94bbb10c32cc0d714afdf942291fc41"
  integrity sha512-RpFbQGUE74iyPgvr46U9t1xoQBM8T4BL8SxrN66Le2xYAPSaDJJKeztV3awugusb3g3G9iL8StmkBBXhcbbXhg==

graphql@*:
  version "14.5.4"
  resolved "https://registry.yarnpkg.com/graphql/-/graphql-14.5.4.tgz#b33fe957854e90c10d4c07c7d26b6c8e9f159a13"
  integrity sha512-dPLvHoxy5m9FrkqWczPPRnH0X80CyvRE6e7Fa5AWEqEAzg9LpxHvKh24po/482E6VWHigOkAmb4xCp6P9yT9gw==
  dependencies:
    iterall "^1.2.2"

hoist-non-react-statics@^3.3.0:
  version "3.3.0"
  resolved "https://registry.yarnpkg.com/hoist-non-react-statics/-/hoist-non-react-statics-3.3.0.tgz#b09178f0122184fb95acf525daaecb4d8f45958b"
  integrity sha512-0XsbTXxgiaCDYDIWFcwkmerZPSwywfUqYmwT4jzewKTQSWoE6FCMoUVOeBJWK3E/CrWbxRG3m5GzY4lnIwGRBA==
  dependencies:
    react-is "^16.7.0"

intl-format-cache@^2.0.5:
  version "2.2.9"
  resolved "https://registry.yarnpkg.com/intl-format-cache/-/intl-format-cache-2.2.9.tgz#fb560de20c549cda20b569cf1ffb6dc62b5b93b4"
  integrity sha512-Zv/u8wRpekckv0cLkwpVdABYST4hZNTDaX7reFetrYTJwxExR2VyTqQm+l0WmL0Qo8Mjb9Tf33qnfj0T7pjxdQ==

intl-messageformat-parser@1.4.0:
  version "1.4.0"
  resolved "https://registry.yarnpkg.com/intl-messageformat-parser/-/intl-messageformat-parser-1.4.0.tgz#b43d45a97468cadbe44331d74bb1e8dea44fc075"
  integrity sha1-tD1FqXRoytvkQzHXS7Ho3qRPwHU=

intl-messageformat@^2.0.0, intl-messageformat@^2.1.0:
  version "2.2.0"
  resolved "https://registry.yarnpkg.com/intl-messageformat/-/intl-messageformat-2.2.0.tgz#345bcd46de630b7683330c2e52177ff5eab484fc"
  integrity sha1-NFvNRt5jC3aDMwwuUhd/9eq0hPw=
  dependencies:
    intl-messageformat-parser "1.4.0"

intl-relativeformat@^2.1.0:
  version "2.2.0"
  resolved "https://registry.yarnpkg.com/intl-relativeformat/-/intl-relativeformat-2.2.0.tgz#6aca95d019ec8d30b6c5653b6629f9983ea5b6c5"
  integrity sha512-4bV/7kSKaPEmu6ArxXf9xjv1ny74Zkwuey8Pm01NH4zggPP7JHwg2STk8Y3JdspCKRDriwIyLRfEXnj2ZLr4Bw==
  dependencies:
    intl-messageformat "^2.0.0"

invariant@^2.1.1:
  version "2.2.4"
  resolved "https://registry.yarnpkg.com/invariant/-/invariant-2.2.4.tgz#610f3c92c9359ce1db616e538008d23ff35158e6"
  integrity sha512-phJfQVBuaJM5raOpJjSfkiD6BpbCE4Ns//LaXl6wGYtUBY83nWS6Rf9tXm2e8VaK60JEjYldbPif/A2B1C2gNA==
  dependencies:
    loose-envify "^1.0.0"

iterall@^1.2.2:
  version "1.2.2"
  resolved "https://registry.yarnpkg.com/iterall/-/iterall-1.2.2.tgz#92d70deb8028e0c39ff3164fdbf4d8b088130cd7"
  integrity sha512-yynBb1g+RFUPY64fTrFv7nsjRrENBQJaX2UL+2Szc9REFrSNm1rpSXHGzhmAy7a9uv3vlvgBlXnf9RqmPH1/DA==

"js-tokens@^3.0.0 || ^4.0.0":
  version "4.0.0"
  resolved "https://registry.yarnpkg.com/js-tokens/-/js-tokens-4.0.0.tgz#19203fb59991df98e3a287050d4647cdeaf32499"
  integrity sha512-RdJUflcE3cUzKiMqQgsCu06FPu9UdIJO0beYbPhHN4k6apgJtifcoCtT9bcxOpYBtpD2kCM6Sbzg4CausW/PKQ==

loose-envify@^1.0.0, loose-envify@^1.1.0, loose-envify@^1.4.0:
  version "1.4.0"
  resolved "https://registry.yarnpkg.com/loose-envify/-/loose-envify-1.4.0.tgz#71ee51fa7be4caec1a63839f7e682d8132d30caf"
  integrity sha512-lyuxPGr/Wfhrlem2CL/UcnUc1zcqKAImBDzukY7Y5F/yQiNdko6+fRLevlw1HgMySw7f611UIY408EtxRSoK3Q==
  dependencies:
    js-tokens "^3.0.0 || ^4.0.0"

object-assign@^4.1.1:
  version "4.1.1"
  resolved "https://registry.yarnpkg.com/object-assign/-/object-assign-4.1.1.tgz#2109adc7965887cfc05cbbd442cac8bfbb360863"
  integrity sha1-IQmtx5ZYh8/AXLvUQsrIv7s2CGM=

prop-types@^15.6.2:
  version "15.7.2"
  resolved "https://registry.yarnpkg.com/prop-types/-/prop-types-15.7.2.tgz#52c41e75b8c87e72b9d9360e0206b99dcbffa6c5"
  integrity sha512-8QQikdH7//R2vurIJSutZ1smHYTcLpRWEOlHnzcWHmBYrOGUysKwSsrC89BCiFj3CbrfJ/nXFdJepOVrY1GCHQ==
  dependencies:
    loose-envify "^1.4.0"
    object-assign "^4.1.1"
    react-is "^16.8.1"

ramda@^0.26.1:
  version "0.26.1"
  resolved "https://registry.yarnpkg.com/ramda/-/ramda-0.26.1.tgz#8d41351eb8111c55353617fc3bbffad8e4d35d06"
  integrity sha512-hLWjpy7EnsDBb0p+Z3B7rPi3GDeRG5ZtiI33kJhTt+ORCd38AbAIjB/9zRIUoeTbE/AVX5ZkU7m6bznsvrf8eQ==

react-intl@^2.9.0:
  version "2.9.0"
  resolved "https://registry.yarnpkg.com/react-intl/-/react-intl-2.9.0.tgz#c97c5d17d4718f1575fdbd5a769f96018a3b1843"
  integrity sha512-27jnDlb/d2A7mSJwrbOBnUgD+rPep+abmoJE511Tf8BnoONIAUehy/U1zZCHGO17mnOwMWxqN4qC0nW11cD6rA==
  dependencies:
    hoist-non-react-statics "^3.3.0"
    intl-format-cache "^2.0.5"
    intl-messageformat "^2.1.0"
    intl-relativeformat "^2.1.0"
    invariant "^2.1.1"

react-is@^16.7.0, react-is@^16.8.1:
  version "16.9.0"
  resolved "https://registry.yarnpkg.com/react-is/-/react-is-16.9.0.tgz#21ca9561399aad0ff1a7701c01683e8ca981edcb"
  integrity sha512-tJBzzzIgnnRfEm046qRcURvwQnZVXmuCbscxUO5RWrGTXpon2d4c8mI0D8WE6ydVIm29JiLB6+RslkIvym9Rjw==

react@^16.8.6:
  version "16.9.0"
  resolved "https://registry.yarnpkg.com/react/-/react-16.9.0.tgz#40ba2f9af13bc1a38d75dbf2f4359a5185c4f7aa"
  integrity sha512-+7LQnFBwkiw+BobzOF6N//BdoNw0ouwmSJTEm9cglOOmsg/TMiFHZLe2sEoN5M7LgJTj9oHH0gxklfnQe66S1w==
  dependencies:
    loose-envify "^1.1.0"
    object-assign "^4.1.1"
    prop-types "^15.6.2"

ts-toolbelt@^3.8.4:
  version "3.8.81"
  resolved "https://registry.yarnpkg.com/ts-toolbelt/-/ts-toolbelt-3.8.81.tgz#6fbf86701cf877b082605330d30a5d2592ac1178"
  integrity sha512-XVSL52X/DLUvMmcALOpvnzwYsB6MgqdlUNmHYA7IL2/RGezES40kMPnHt1N1OJ08PyMog8VMum4ZkXfbrw02zQ==
