# THIS IS AN AUTOGENERATED FILE. DO NOT EDIT THIS FILE DIRECTLY.
# yarn lockfile v1


"@babel/runtime@^7.2.0":
  version "7.4.0"
  resolved "https://registry.yarnpkg.com/@babel/runtime/-/runtime-7.4.0.tgz#d523416573f19aa12784639e631257c7fc58c0aa"
  integrity sha512-/eftZ45kD0OfOFHAmN02WP6N1NVphY+lBf8c2Q/P9VW3tj+N5NlBBAWfqOLOl96YDGMqpIBO5O/hQNx4A/lAng==
  dependencies:
    regenerator-runtime "^0.13.2"

"@types/graphql@^14.2.0":
  version "14.2.0"
  resolved "https://registry.yarnpkg.com/@types/graphql/-/graphql-14.2.0.tgz#74e1da5f2a4a744ac6eb3ed57b48242ea9367202"
  integrity sha512-lELg5m6eBOmATWyCZl8qULEOvnPIUG6B443yXKj930glXIgwQirIBPp5rthP2amJW0YSzUg2s5sfgba4mRRCNw==

"@types/jest-diff@*":
  version "20.0.1"
  resolved "https://registry.yarnpkg.com/@types/jest-diff/-/jest-diff-20.0.1.tgz#35cc15b9c4f30a18ef21852e255fdb02f6d59b89"
  integrity sha512-yALhelO3i0hqZwhjtcr6dYyaLoCHbAMshwtj6cGxTvHZAKXHsYGdff6E8EPw3xLKY0ELUTQ69Q1rQiJENnccMA==

"@types/jest@^24.0.11":
  version "24.0.11"
  resolved "https://registry.yarnpkg.com/@types/jest/-/jest-24.0.11.tgz#1f099bea332c228ea6505a88159bfa86a5858340"
  integrity sha512-2kLuPC5FDnWIDvaJBzsGTBQaBbnDweznicvK7UGYzlIJP4RJR2a4A/ByLUXEyEgag6jz8eHdlWExGDtH3EYUXQ==
  dependencies:
    "@types/jest-diff" "*"

"@types/node@^11.13.2":
  version "11.13.2"
  resolved "https://registry.yarnpkg.com/@types/node/-/node-11.13.2.tgz#dc85dde46aa8740bb4aed54b8104250f8f849503"
  integrity sha512-HOtU5KqROKT7qX/itKHuTtt5fV0iXbheQvrgbLNXFJQBY/eh+VS5vmmTAVlo3qIGMsypm0G4N1t2AXjy1ZicaQ==

"@types/prop-types@*":
  version "15.7.0"
  resolved "https://registry.yarnpkg.com/@types/prop-types/-/prop-types-15.7.0.tgz#4c48fed958d6dcf9487195a0ef6456d5f6e0163a"
  integrity sha512-eItQyV43bj4rR3JPV0Skpl1SncRCdziTEK9/v8VwXmV6d/qOUO8/EuWeHBbCZcsfSHfzI5UyMJLCSXtxxznyZg==

"@types/react@^16.8.13":
  version "16.8.13"
  resolved "https://registry.yarnpkg.com/@types/react/-/react-16.8.13.tgz#a82b15aad9ab91c40edca0d6889b7745ae24f053"
  integrity sha512-otJ4ntMuHGrvm67CdDJMAls4WqotmAmW0g3HmWi9LCjSWXrxoXY/nHXrtmMfvPEEmGFNm6NdgMsJmnfH820Qaw==
  dependencies:
    "@types/prop-types" "*"
    csstype "^2.2.0"

classnames@^2.2.6:
  version "2.2.6"
  resolved "https://registry.yarnpkg.com/classnames/-/classnames-2.2.6.tgz#43935bffdd291f326dad0a205309b38d00f650ce"
  integrity sha512-JR/iSQOSt+LQIWwrwEzJ9uk0xfN3mTVYMwt1Ir5mUcSN6pU+V4zQFFaJsclJbPuAUQH+yfWef6tm7l1quW3C8Q==

csstype@^2.2.0:
  version "2.6.3"
  resolved "https://registry.yarnpkg.com/csstype/-/csstype-2.6.3.tgz#b701e5968245bf9b08d54ac83d00b624e622a9fa"
  integrity sha512-rINUZXOkcBmoHWEyu7JdHu5JMzkGRoMX4ov9830WNgxf5UYxcBUO0QTKAqeJ5EZfSdlrcJYkC8WwfVW7JYi4yg==

invariant@^2.2.2:
  version "2.2.4"
  resolved "https://registry.yarnpkg.com/invariant/-/invariant-2.2.4.tgz#610f3c92c9359ce1db616e538008d23ff35158e6"
  integrity sha512-phJfQVBuaJM5raOpJjSfkiD6BpbCE4Ns//LaXl6wGYtUBY83nWS6Rf9tXm2e8VaK60JEjYldbPif/A2B1C2gNA==
  dependencies:
    loose-envify "^1.0.0"

"js-tokens@^3.0.0 || ^4.0.0":
  version "4.0.0"
  resolved "https://registry.yarnpkg.com/js-tokens/-/js-tokens-4.0.0.tgz#19203fb59991df98e3a287050d4647cdeaf32499"
  integrity sha512-RdJUflcE3cUzKiMqQgsCu06FPu9UdIJO0beYbPhHN4k6apgJtifcoCtT9bcxOpYBtpD2kCM6Sbzg4CausW/PKQ==

json2mq@^0.2.0:
  version "0.2.0"
  resolved "https://registry.yarnpkg.com/json2mq/-/json2mq-0.2.0.tgz#b637bd3ba9eabe122c83e9720483aeb10d2c904a"
  integrity sha1-tje9O6nqvhIsg+lyBIOusQ0skEo=
  dependencies:
    string-convert "^0.2.0"

loose-envify@^1.0.0, loose-envify@^1.1.0, loose-envify@^1.4.0:
  version "1.4.0"
  resolved "https://registry.yarnpkg.com/loose-envify/-/loose-envify-1.4.0.tgz#71ee51fa7be4caec1a63839f7e682d8132d30caf"
  integrity sha512-lyuxPGr/Wfhrlem2CL/UcnUc1zcqKAImBDzukY7Y5F/yQiNdko6+fRLevlw1HgMySw7f611UIY408EtxRSoK3Q==
  dependencies:
    js-tokens "^3.0.0 || ^4.0.0"

object-assign@^4.1.1:
  version "4.1.1"
  resolved "https://registry.yarnpkg.com/object-assign/-/object-assign-4.1.1.tgz#2109adc7965887cfc05cbbd442cac8bfbb360863"
  integrity sha1-IQmtx5ZYh8/AXLvUQsrIv7s2CGM=

prop-types@^15.5.10, prop-types@^15.6.2:
  version "15.7.2"
  resolved "https://registry.yarnpkg.com/prop-types/-/prop-types-15.7.2.tgz#52c41e75b8c87e72b9d9360e0206b99dcbffa6c5"
  integrity sha512-8QQikdH7//R2vurIJSutZ1smHYTcLpRWEOlHnzcWHmBYrOGUysKwSsrC89BCiFj3CbrfJ/nXFdJepOVrY1GCHQ==
  dependencies:
    loose-envify "^1.4.0"
    object-assign "^4.1.1"
    react-is "^16.8.1"

react-is@^16.8.1:
  version "16.8.4"
  resolved "https://registry.yarnpkg.com/react-is/-/react-is-16.8.4.tgz#90f336a68c3a29a096a3d648ab80e87ec61482a2"
  integrity sha512-PVadd+WaUDOAciICm/J1waJaSvgq+4rHE/K70j0PFqKhkTBsPv/82UGQJNXAngz1fOQLLxI6z1sEDmJDQhCTAA==

react-media@^1.9.2:
  version "1.9.2"
  resolved "https://registry.yarnpkg.com/react-media/-/react-media-1.9.2.tgz#423ee12f952e1d69f1b994a58d3cbed21a92b370"
  integrity sha512-JUYECMcJIm0V61LSVKd1e+II4ZTYO0GuR7xtlvKETlmThZ416BqZjZdJ1uGqgmMAGFeJ3TG4TX/3Kg4qbR3EJw==
  dependencies:
    "@babel/runtime" "^7.2.0"
    invariant "^2.2.2"
    json2mq "^0.2.0"
    prop-types "^15.5.10"

react@^16.8.6:
  version "16.8.6"
  resolved "https://registry.yarnpkg.com/react/-/react-16.8.6.tgz#ad6c3a9614fd3a4e9ef51117f54d888da01f2bbe"
  integrity sha512-pC0uMkhLaHm11ZSJULfOBqV4tIZkx87ZLvbbQYunNixAAvjnC+snJCg0XQXn9VIsttVsbZP/H/ewzgsd5fxKXw==
  dependencies:
    loose-envify "^1.1.0"
    object-assign "^4.1.1"
    prop-types "^15.6.2"
    scheduler "^0.13.6"

regenerator-runtime@^0.13.2:
  version "0.13.2"
  resolved "https://registry.yarnpkg.com/regenerator-runtime/-/regenerator-runtime-0.13.2.tgz#32e59c9a6fb9b1a4aff09b4930ca2d4477343447"
  integrity sha512-S/TQAZJO+D3m9xeN1WTI8dLKBBiRgXBlTJvbWjCThHWZj9EvHK70Ff50/tYj2J/fvBY6JtFVwRuazHN2E7M9BA==

scheduler@^0.13.6:
  version "0.13.6"
  resolved "https://registry.yarnpkg.com/scheduler/-/scheduler-0.13.6.tgz#466a4ec332467b31a91b9bf74e5347072e4cd889"
  integrity sha512-IWnObHt413ucAYKsD9J1QShUKkbKLQQHdxRyw73sw4FN26iWr3DY/H34xGPe4nmL1DwXyWmSWmMrA9TfQbE/XQ==
  dependencies:
    loose-envify "^1.1.0"
    object-assign "^4.1.1"

string-convert@^0.2.0:
  version "0.2.1"
  resolved "https://registry.yarnpkg.com/string-convert/-/string-convert-0.2.1.tgz#6982cc3049fbb4cd85f8b24568b9d9bf39eeff97"
  integrity sha1-aYLMMEn7tM2F+LJFaLnZvznu/5c=
